
Microsoft Visual Studio Solution File, Format Version 12.00
# Visual Studio Version 16
VisualStudioVersion = 16.0.31624.102
MinimumVisualStudioVersion = 10.0.40219.1
Project("{9A19103F-16F7-4668-BE54-9A1E7A4F7556}") = "Pet_Store.API", "Pet_Store.API\Pet_Store.API.csproj", "{E69E580F-93D8-46A5-8B51-898A20319352}"
EndProject
Global
	GlobalSection(SolutionConfigurationPlatforms) = preSolution
		Debug|Any CPU = Debug|Any CPU
		Debug|ARM = Debug|ARM
		Debug|ARM64 = Debug|ARM64
		Debug|x64 = Debug|x64
		Debug|x86 = Debug|x86
		Release|Any CPU = Release|Any CPU
		Release|ARM = Release|ARM
		Release|ARM64 = Release|ARM64
		Release|x64 = Release|x64
		Release|x86 = Release|x86
	EndGlobalSection
	GlobalSection(ProjectConfigurationPlatforms) = postSolution
		{E69E580F-93D8-46A5-8B51-898A20319352}.Debug|Any CPU.ActiveCfg = Debug|Any CPU
		{E69E580F-93D8-46A5-8B51-898A20319352}.Debug|Any CPU.Build.0 = Debug|Any CPU
		{E69E580F-93D8-46A5-8B51-898A20319352}.Debug|ARM.ActiveCfg = Debug|Any CPU
		{E69E580F-93D8-46A5-8B51-898A20319352}.Debug|ARM.Build.0 = Debug|Any CPU
		{E69E580F-93D8-46A5-8B51-898A20319352}.Debug|ARM64.ActiveCfg = Debug|Any CPU
		{E69E580F-93D8-46A5-8B51-898A20319352}.Debug|ARM64.Build.0 = Debug|Any CPU
		{E69E580F-93D8-46A5-8B51-898A20319352}.Debug|x64.ActiveCfg = Debug|Any CPU
		{E69E580F-93D8-46A5-8B51-898A20319352}.Debug|x64.Build.0 = Debug|Any CPU
		{E69E580F-93D8-46A5-8B51-898A20319352}.Debug|x86.ActiveCfg = Debug|Any CPU
		{E69E580F-93D8-46A5-8B51-898A20319352}.Debug|x86.Build.0 = Debug|Any CPU
		{E69E580F-93D8-46A5-8B51-898A20319352}.Release|Any CPU.ActiveCfg = Release|Any CPU
		{E69E580F-93D8-46A5-8B51-898A20319352}.Release|Any CPU.Build.0 = Release|Any CPU
		{E69E580F-93D8-46A5-8B51-898A20319352}.Release|ARM.ActiveCfg = Release|Any CPU
		{E69E580F-93D8-46A5-8B51-898A20319352}.Release|ARM.Build.0 = Release|Any CPU
		{E69E580F-93D8-46A5-8B51-898A20319352}.Release|ARM64.ActiveCfg = Release|Any CPU
		{E69E580F-93D8-46A5-8B51-898A20319352}.Release|ARM64.Build.0 = Release|Any CPU
		{E69E580F-93D8-46A5-8B51-898A20319352}.Release|x64.ActiveCfg = Release|Any CPU
		{E69E580F-93D8-46A5-8B51-898A20319352}.Release|x64.Build.0 = Release|Any CPU
		{E69E580F-93D8-46A5-8B51-898A20319352}.Release|x86.ActiveCfg = Release|Any CPU
		{E69E580F-93D8-46A5-8B51-898A20319352}.Release|x86.Build.0 = Release|Any CPU
	EndGlobalSection
	GlobalSection(SolutionProperties) = preSolution
		HideSolutionNode = FALSE
	EndGlobalSection
	GlobalSection(ExtensibilityGlobals) = postSolution
		SolutionGuid = {51107087-368F-4AD8-88BB-BF2DFA616829}
	EndGlobalSection
EndGlobal
